// !$*UTF8*$!
{
	archiveVersion = 1;
	classes = {
	};
	objectVersion = 46;
	objects = {

/* Begin PBXBuildFile section */
		74FC21B318F66A3E002B55A5 /* Foundation.framework in Frameworks */ = {isa = PBXBuildFile; fileRef = 74FC21B218F66A3E002B55A5 /* Foundation.framework */; };
		74FC21B518F66A3E002B55A5 /* CoreGraphics.framework in Frameworks */ = {isa = PBXBuildFile; fileRef = 74FC21B418F66A3E002B55A5 /* CoreGraphics.framework */; };
		74FC21B718F66A3E002B55A5 /* UIKit.framework in Frameworks */ = {isa = PBXBuildFile; fileRef = 74FC21B618F66A3E002B55A5 /* UIKit.framework */; };
		74FC21B918F66A3E002B55A5 /* CoreData.framework in Frameworks */ = {isa = PBXBuildFile; fileRef = 74FC21B818F66A3E002B55A5 /* CoreData.framework */; };
		74FC21BF18F66A3E002B55A5 /* InfoPlist.strings in Resources */ = {isa = PBXBuildFile; fileRef = 74FC21BD18F66A3E002B55A5 /* InfoPlist.strings */; };
		74FC21C118F66A3E002B55A5 /* main.m in Sources */ = {isa = PBXBuildFile; fileRef = 74FC21C018F66A3E002B55A5 /* main.m */; };
		74FC21C518F66A3E002B55A5 /* AppDelegate.m in Sources */ = {isa = PBXBuildFile; fileRef = 74FC21C418F66A3E002B55A5 /* AppDelegate.m */; };
		74FC21C818F66A3E002B55A5 /* Main.storyboard in Resources */ = {isa = PBXBuildFile; fileRef = 74FC21C618F66A3E002B55A5 /* Main.storyboard */; };
		74FC21CB18F66A3E002B55A5 /* XHNavigationItemLadingTitleView.xcdatamodeld in Sources */ = {isa = PBXBuildFile; fileRef = 74FC21C918F66A3E002B55A5 /* XHNavigationItemLadingTitleView.xcdatamodeld */; };
		74FC21CE18F66A3E002B55A5 /* MasterViewController.m in Sources */ = {isa = PBXBuildFile; fileRef = 74FC21CD18F66A3E002B55A5 /* MasterViewController.m */; };
		74FC21D118F66A3E002B55A5 /* DetailViewController.m in Sources */ = {isa = PBXBuildFile; fileRef = 74FC21D018F66A3E002B55A5 /* DetailViewController.m */; };
		74FC21D318F66A3E002B55A5 /* Images.xcassets in Resources */ = {isa = PBXBuildFile; fileRef = 74FC21D218F66A3E002B55A5 /* Images.xcassets */; };
		74FC21DA18F66A3E002B55A5 /* XCTest.framework in Frameworks */ = {isa = PBXBuildFile; fileRef = 74FC21D918F66A3E002B55A5 /* XCTest.framework */; };
		74FC21DB18F66A3E002B55A5 /* Foundation.framework in Frameworks */ = {isa = PBXBuildFile; fileRef = 74FC21B218F66A3E002B55A5 /* Foundation.framework */; };
		74FC21DC18F66A3E002B55A5 /* UIKit.framework in Frameworks */ = {isa = PBXBuildFile; fileRef = 74FC21B618F66A3E002B55A5 /* UIKit.framework */; };
		74FC21DD18F66A3E002B55A5 /* CoreData.framework in Frameworks */ = {isa = PBXBuildFile; fileRef = 74FC21B818F66A3E002B55A5 /* CoreData.framework */; };
		74FC21E518F66A3E002B55A5 /* InfoPlist.strings in Resources */ = {isa = PBXBuildFile; fileRef = 74FC21E318F66A3E002B55A5 /* InfoPlist.strings */; };
		74FC21E718F66A3E002B55A5 /* XHNavigationItemLadingTitleViewTests.m in Sources */ = {isa = PBXBuildFile; fileRef = 74FC21E618F66A3E002B55A5 /* XHNavigationItemLadingTitleViewTests.m */; };
		74FC21F318F66AAB002B55A5 /* XHNavigationItemLadingTitleView.m in Sources */ = {isa = PBXBuildFile; fileRef = 74FC21F218F66AAB002B55A5 /* XHNavigationItemLadingTitleView.m */; };
		74FC21F618F66AE8002B55A5 /* TYDotIndicatorView.m in Sources */ = {isa = PBXBuildFile; fileRef = 74FC21F518F66AE8002B55A5 /* TYDotIndicatorView.m */; };
		74FC21F918F66B1B002B55A5 /* UIViewController+XHLoadingNavigationItemTitle.m in Sources */ = {isa = PBXBuildFile; fileRef = 74FC21F818F66B1B002B55A5 /* UIViewController+XHLoadingNavigationItemTitle.m */; };
/* End PBXBuildFile section */

/* Begin PBXContainerItemProxy section */
		74FC21DE18F66A3E002B55A5 /* PBXContainerItemProxy */ = {
			isa = PBXContainerItemProxy;
			containerPortal = 74FC21A718F66A3E002B55A5 /* Project object */;
			proxyType = 1;
			remoteGlobalIDString = 74FC21AE18F66A3E002B55A5;
			remoteInfo = XHNavigationItemLadingTitleView;
		};
/* End PBXContainerItemProxy section */

/* Begin PBXFileReference section */
		74FC21AF18F66A3E002B55A5 /* XHNavigationItemLadingTitleView.app */ = {isa = PBXFileReference; explicitFileType = wrapper.application; includeInIndex = 0; path = XHNavigationItemLadingTitleView.app; sourceTree = BUILT_PRODUCTS_DIR; };
		74FC21B218F66A3E002B55A5 /* Foundation.framework */ = {isa = PBXFileReference; lastKnownFileType = wrapper.framework; name = Foundation.framework; path = System/Library/Frameworks/Foundation.framework; sourceTree = SDKROOT; };
		74FC21B418F66A3E002B55A5 /* CoreGraphics.framework */ = {isa = PBXFileReference; lastKnownFileType = wrapper.framework; name = CoreGraphics.framework; path = System/Library/Frameworks/CoreGraphics.framework; sourceTree = SDKROOT; };
		74FC21B618F66A3E002B55A5 /* UIKit.framework */ = {isa = PBXFileReference; lastKnownFileType = wrapper.framework; name = UIKit.framework; path = System/Library/Frameworks/UIKit.framework; sourceTree = SDKROOT; };
		74FC21B818F66A3E002B55A5 /* CoreData.framework */ = {isa = PBXFileReference; lastKnownFileType = wrapper.framework; name = CoreData.framework; path = System/Library/Frameworks/CoreData.framework; sourceTree = SDKROOT; };
		74FC21BC18F66A3E002B55A5 /* XHNavigationItemLadingTitleView-Info.plist */ = {isa = PBXFileReference; lastKnownFileType = text.plist.xml; path = "XHNavigationItemLadingTitleView-Info.plist"; sourceTree = "<group>"; };
		74FC21BE18F66A3E002B55A5 /* en */ = {isa = PBXFileReference; lastKnownFileType = text.plist.strings; name = en; path = en.lproj/InfoPlist.strings; sourceTree = "<group>"; };
		74FC21C018F66A3E002B55A5 /* main.m */ = {isa = PBXFileReference; lastKnownFileType = sourcecode.c.objc; path = main.m; sourceTree = "<group>"; };
		74FC21C218F66A3E002B55A5 /* XHNavigationItemLadingTitleView-Prefix.pch */ = {isa = PBXFileReference; lastKnownFileType = sourcecode.c.h; path = "XHNavigationItemLadingTitleView-Prefix.pch"; sourceTree = "<group>"; };
		74FC21C318F66A3E002B55A5 /* AppDelegate.h */ = {isa = PBXFileReference; lastKnownFileType = sourcecode.c.h; path = AppDelegate.h; sourceTree = "<group>"; };
		74FC21C418F66A3E002B55A5 /* AppDelegate.m */ = {isa = PBXFileReference; lastKnownFileType = sourcecode.c.objc; path = AppDelegate.m; sourceTree = "<group>"; };
		74FC21C718F66A3E002B55A5 /* Base */ = {isa = PBXFileReference; lastKnownFileType = file.storyboard; name = Base; path = Base.lproj/Main.storyboard; sourceTree = "<group>"; };
		74FC21CA18F66A3E002B55A5 /* XHNavigationItemLadingTitleView.xcdatamodel */ = {isa = PBXFileReference; lastKnownFileType = wrapper.xcdatamodel; path = XHNavigationItemLadingTitleView.xcdatamodel; sourceTree = "<group>"; };
		74FC21CC18F66A3E002B55A5 /* MasterViewController.h */ = {isa = PBXFileReference; lastKnownFileType = sourcecode.c.h; path = MasterViewController.h; sourceTree = "<group>"; };
		74FC21CD18F66A3E002B55A5 /* MasterViewController.m */ = {isa = PBXFileReference; lastKnownFileType = sourcecode.c.objc; path = MasterViewController.m; sourceTree = "<group>"; };
		74FC21CF18F66A3E002B55A5 /* DetailViewController.h */ = {isa = PBXFileReference; lastKnownFileType = sourcecode.c.h; path = DetailViewController.h; sourceTree = "<group>"; };
		74FC21D018F66A3E002B55A5 /* DetailViewController.m */ = {isa = PBXFileReference; lastKnownFileType = sourcecode.c.objc; path = DetailViewController.m; sourceTree = "<group>"; };
		74FC21D218F66A3E002B55A5 /* Images.xcassets */ = {isa = PBXFileReference; lastKnownFileType = folder.assetcatalog; path = Images.xcassets; sourceTree = "<group>"; };
		74FC21D818F66A3E002B55A5 /* XHNavigationItemLadingTitleViewTests.xctest */ = {isa = PBXFileReference; explicitFileType = wrapper.cfbundle; includeInIndex = 0; path = XHNavigationItemLadingTitleViewTests.xctest; sourceTree = BUILT_PRODUCTS_DIR; };
		74FC21D918F66A3E002B55A5 /* XCTest.framework */ = {isa = PBXFileReference; lastKnownFileType = wrapper.framework; name = XCTest.framework; path = Library/Frameworks/XCTest.framework; sourceTree = DEVELOPER_DIR; };
		74FC21E218F66A3E002B55A5 /* XHNavigationItemLadingTitleViewTests-Info.plist */ = {isa = PBXFileReference; lastKnownFileType = text.plist.xml; path = "XHNavigationItemLadingTitleViewTests-Info.plist"; sourceTree = "<group>"; };
		74FC21E418F66A3E002B55A5 /* en */ = {isa = PBXFileReference; lastKnownFileType = text.plist.strings; name = en; path = en.lproj/InfoPlist.strings; sourceTree = "<group>"; };
		74FC21E618F66A3E002B55A5 /* XHNavigationItemLadingTitleViewTests.m */ = {isa = PBXFileReference; lastKnownFileType = sourcecode.c.objc; path = XHNavigationItemLadingTitleViewTests.m; sourceTree = "<group>"; };
		74FC21F118F66AAB002B55A5 /* XHNavigationItemLadingTitleView.h */ = {isa = PBXFileReference; fileEncoding = 4; lastKnownFileType = sourcecode.c.h; path = XHNavigationItemLadingTitleView.h; sourceTree = "<group>"; };
		74FC21F218F66AAB002B55A5 /* XHNavigationItemLadingTitleView.m */ = {isa = PBXFileReference; fileEncoding = 4; lastKnownFileType = sourcecode.c.objc; path = XHNavigationItemLadingTitleView.m; sourceTree = "<group>"; };
		74FC21F418F66AE8002B55A5 /* TYDotIndicatorView.h */ = {isa = PBXFileReference; fileEncoding = 4; lastKnownFileType = sourcecode.c.h; path = TYDotIndicatorView.h; sourceTree = "<group>"; };
		74FC21F518F66AE8002B55A5 /* TYDotIndicatorView.m */ = {isa = PBXFileReference; fileEncoding = 4; lastKnownFileType = sourcecode.c.objc; path = TYDotIndicatorView.m; sourceTree = "<group>"; };
		74FC21F718F66B1B002B55A5 /* UIViewController+XHLoadingNavigationItemTitle.h */ = {isa = PBXFileReference; fileEncoding = 4; lastKnownFileType = sourcecode.c.h; path = "UIViewController+XHLoadingNavigationItemTitle.h"; sourceTree = "<group>"; };
		74FC21F818F66B1B002B55A5 /* UIViewController+XHLoadingNavigationItemTitle.m */ = {isa = PBXFileReference; fileEncoding = 4; lastKnownFileType = sourcecode.c.objc; path = "UIViewController+XHLoadingNavigationItemTitle.m"; sourceTree = "<group>"; };
/* End PBXFileReference section */

/* Begin PBXFrameworksBuildPhase section */
		74FC21AC18F66A3E002B55A5 /* Frameworks */ = {
			isa = PBXFrameworksBuildPhase;
			buildActionMask = 2147483647;
			files = (
				74FC21B518F66A3E002B55A5 /* CoreGraphics.framework in Frameworks */,
				74FC21B918F66A3E002B55A5 /* CoreData.framework in Frameworks */,
				74FC21B718F66A3E002B55A5 /* UIKit.framework in Frameworks */,
				74FC21B318F66A3E002B55A5 /* Foundation.framework in Frameworks */,
			);
			runOnlyForDeploymentPostprocessing = 0;
		};
		74FC21D518F66A3E002B55A5 /* Frameworks */ = {
			isa = PBXFrameworksBuildPhase;
			buildActionMask = 2147483647;
			files = (
				74FC21DA18F66A3E002B55A5 /* XCTest.framework in Frameworks */,
				74FC21DD18F66A3E002B55A5 /* CoreData.framework in Frameworks */,
				74FC21DC18F66A3E002B55A5 /* UIKit.framework in Frameworks */,
				74FC21DB18F66A3E002B55A5 /* Foundation.framework in Frameworks */,
			);
			runOnlyForDeploymentPostprocessing = 0;
		};
/* End PBXFrameworksBuildPhase section */

/* Begin PBXGroup section */
		74FC21A618F66A3D002B55A5 = {
			isa = PBXGroup;
			children = (
				74FC21F018F66A9D002B55A5 /* Source */,
				74FC21BA18F66A3E002B55A5 /* XHNavigationItemLadingTitleView */,
				74FC21E018F66A3E002B55A5 /* XHNavigationItemLadingTitleViewTests */,
				74FC21B118F66A3E002B55A5 /* Frameworks */,
				74FC21B018F66A3E002B55A5 /* Products */,
			);
			sourceTree = "<group>";
		};
		74FC21B018F66A3E002B55A5 /* Products */ = {
			isa = PBXGroup;
			children = (
				74FC21AF18F66A3E002B55A5 /* XHNavigationItemLadingTitleView.app */,
				74FC21D818F66A3E002B55A5 /* XHNavigationItemLadingTitleViewTests.xctest */,
			);
			name = Products;
			sourceTree = "<group>";
		};
		74FC21B118F66A3E002B55A5 /* Frameworks */ = {
			isa = PBXGroup;
			children = (
				74FC21B218F66A3E002B55A5 /* Foundation.framework */,
				74FC21B418F66A3E002B55A5 /* CoreGraphics.framework */,
				74FC21B618F66A3E002B55A5 /* UIKit.framework */,
				74FC21B818F66A3E002B55A5 /* CoreData.framework */,
				74FC21D918F66A3E002B55A5 /* XCTest.framework */,
			);
			name = Frameworks;
			sourceTree = "<group>";
		};
		74FC21BA18F66A3E002B55A5 /* XHNavigationItemLadingTitleView */ = {
			isa = PBXGroup;
			children = (
				74FC21C318F66A3E002B55A5 /* AppDelegate.h */,
				74FC21C418F66A3E002B55A5 /* AppDelegate.m */,
				74FC21C618F66A3E002B55A5 /* Main.storyboard */,
				74FC21CC18F66A3E002B55A5 /* MasterViewController.h */,
				74FC21CD18F66A3E002B55A5 /* MasterViewController.m */,
				74FC21CF18F66A3E002B55A5 /* DetailViewController.h */,
				74FC21D018F66A3E002B55A5 /* DetailViewController.m */,
				74FC21D218F66A3E002B55A5 /* Images.xcassets */,
				74FC21C918F66A3E002B55A5 /* XHNavigationItemLadingTitleView.xcdatamodeld */,
				74FC21BB18F66A3E002B55A5 /* Supporting Files */,
			);
			path = XHNavigationItemLadingTitleView;
			sourceTree = "<group>";
		};
		74FC21BB18F66A3E002B55A5 /* Supporting Files */ = {
			isa = PBXGroup;
			children = (
				74FC21BC18F66A3E002B55A5 /* XHNavigationItemLadingTitleView-Info.plist */,
				74FC21BD18F66A3E002B55A5 /* InfoPlist.strings */,
				74FC21C018F66A3E002B55A5 /* main.m */,
				74FC21C218F66A3E002B55A5 /* XHNavigationItemLadingTitleView-Prefix.pch */,
			);
			name = "Supporting Files";
			sourceTree = "<group>";
		};
		74FC21E018F66A3E002B55A5 /* XHNavigationItemLadingTitleViewTests */ = {
			isa = PBXGroup;
			children = (
				74FC21E618F66A3E002B55A5 /* XHNavigationItemLadingTitleViewTests.m */,
				74FC21E118F66A3E002B55A5 /* Supporting Files */,
			);
			path = XHNavigationItemLadingTitleViewTests;
			sourceTree = "<group>";
		};
		74FC21E118F66A3E002B55A5 /* Supporting Files */ = {
			isa = PBXGroup;
			children = (
				74FC21E218F66A3E002B55A5 /* XHNavigationItemLadingTitleViewTests-Info.plist */,
				74FC21E318F66A3E002B55A5 /* InfoPlist.strings */,
			);
			name = "Supporting Files";
			sourceTree = "<group>";
		};
		74FC21F018F66A9D002B55A5 /* Source */ = {
			isa = PBXGroup;
			children = (
				74FC21F118F66AAB002B55A5 /* XHNavigationItemLadingTitleView.h */,
				74FC21F218F66AAB002B55A5 /* XHNavigationItemLadingTitleView.m */,
				74FC21F418F66AE8002B55A5 /* TYDotIndicatorView.h */,
				74FC21F518F66AE8002B55A5 /* TYDotIndicatorView.m */,
				74FC21F718F66B1B002B55A5 /* UIViewController+XHLoadingNavigationItemTitle.h */,
				74FC21F818F66B1B002B55A5 /* UIViewController+XHLoadingNavigationItemTitle.m */,
			);
			name = Source;
			path = ../Source;
			sourceTree = "<group>";
		};
/* End PBXGroup section */

/* Begin PBXNativeTarget section */
		74FC21AE18F66A3E002B55A5 /* XHNavigationItemLadingTitleView */ = {
			isa = PBXNativeTarget;
			buildConfigurationList = 74FC21EA18F66A3E002B55A5 /* Build configuration list for PBXNativeTarget "XHNavigationItemLadingTitleView" */;
			buildPhases = (
				74FC21AB18F66A3E002B55A5 /* Sources */,
				74FC21AC18F66A3E002B55A5 /* Frameworks */,
				74FC21AD18F66A3E002B55A5 /* Resources */,
			);
			buildRules = (
			);
			dependencies = (
			);
			name = XHNavigationItemLadingTitleView;
			productName = XHNavigationItemLadingTitleView;
			productReference = 74FC21AF18F66A3E002B55A5 /* XHNavigationItemLadingTitleView.app */;
			productType = "com.apple.product-type.application";
		};
		74FC21D718F66A3E002B55A5 /* XHNavigationItemLadingTitleViewTests */ = {
			isa = PBXNativeTarget;
			buildConfigurationList = 74FC21ED18F66A3E002B55A5 /* Build configuration list for PBXNativeTarget "XHNavigationItemLadingTitleViewTests" */;
			buildPhases = (
				74FC21D418F66A3E002B55A5 /* Sources */,
				74FC21D518F66A3E002B55A5 /* Frameworks */,
				74FC21D618F66A3E002B55A5 /* Resources */,
			);
			buildRules = (
			);
			dependencies = (
				74FC21DF18F66A3E002B55A5 /* PBXTargetDependency */,
			);
			name = XHNavigationItemLadingTitleViewTests;
			productName = XHNavigationItemLadingTitleViewTests;
			productReference = 74FC21D818F66A3E002B55A5 /* XHNavigationItemLadingTitleViewTests.xctest */;
			productType = "com.apple.product-type.bundle.unit-test";
		};
/* End PBXNativeTarget section */

/* Begin PBXProject section */
		74FC21A718F66A3E002B55A5 /* Project object */ = {
			isa = PBXProject;
			attributes = {
				LastUpgradeCheck = 0510;
				ORGANIZATIONNAME = "曾宪华 开发团队(http://iyilunba.com ) 本人QQ:543413507 本人QQ群（142557668）.";
				TargetAttributes = {
					74FC21D718F66A3E002B55A5 = {
						TestTargetID = 74FC21AE18F66A3E002B55A5;
					};
				};
			};
			buildConfigurationList = 74FC21AA18F66A3E002B55A5 /* Build configuration list for PBXProject "XHNavigationItemLadingTitleView" */;
			compatibilityVersion = "Xcode 3.2";
			developmentRegion = English;
			hasScannedForEncodings = 0;
			knownRegions = (
				en,
				Base,
			);
			mainGroup = 74FC21A618F66A3D002B55A5;
			productRefGroup = 74FC21B018F66A3E002B55A5 /* Products */;
			projectDirPath = "";
			projectRoot = "";
			targets = (
				74FC21AE18F66A3E002B55A5 /* XHNavigationItemLadingTitleView */,
				74FC21D718F66A3E002B55A5 /* XHNavigationItemLadingTitleViewTests */,
			);
		};
/* End PBXProject section */

/* Begin PBXResourcesBuildPhase section */
		74FC21AD18F66A3E002B55A5 /* Resources */ = {
			isa = PBXResourcesBuildPhase;
			buildActionMask = 2147483647;
			files = (
				74FC21D318F66A3E002B55A5 /* Images.xcassets in Resources */,
				74FC21BF18F66A3E002B55A5 /* InfoPlist.strings in Resources */,
				74FC21C818F66A3E002B55A5 /* Main.storyboard in Resources */,
			);
			runOnlyForDeploymentPostprocessing = 0;
		};
		74FC21D618F66A3E002B55A5 /* Resources */ = {
			isa = PBXResourcesBuildPhase;
			buildActionMask = 2147483647;
			files = (
				74FC21E518F66A3E002B55A5 /* InfoPlist.strings in Resources */,
			);
			runOnlyForDeploymentPostprocessing = 0;
		};
/* End PBXResourcesBuildPhase section */

/* Begin PBXSourcesBuildPhase section */
		74FC21AB18F66A3E002B55A5 /* Sources */ = {
			isa = PBXSourcesBuildPhase;
			buildActionMask = 2147483647;
			files = (
				74FC21D118F66A3E002B55A5 /* DetailViewController.m in Sources */,
				74FC21F918F66B1B002B55A5 /* UIViewController+XHLoadingNavigationItemTitle.m in Sources */,
				74FC21F318F66AAB002B55A5 /* XHNavigationItemLadingTitleView.m in Sources */,
				74FC21CE18F66A3E002B55A5 /* MasterViewController.m in Sources */,
				74FC21C518F66A3E002B55A5 /* AppDelegate.m in Sources */,
				74FC21C118F66A3E002B55A5 /* main.m in Sources */,
				74FC21F618F66AE8002B55A5 /* TYDotIndicatorView.m in Sources */,
				74FC21CB18F66A3E002B55A5 /* XHNavigationItemLadingTitleView.xcdatamodeld in Sources */,
			);
			runOnlyForDeploymentPostprocessing = 0;
		};
		74FC21D418F66A3E002B55A5 /* Sources */ = {
			isa = PBXSourcesBuildPhase;
			buildActionMask = 2147483647;
			files = (
				74FC21E718F66A3E002B55A5 /* XHNavigationItemLadingTitleViewTests.m in Sources */,
			);
			runOnlyForDeploymentPostprocessing = 0;
		};
/* End PBXSourcesBuildPhase section */

/* Begin PBXTargetDependency section */
		74FC21DF18F66A3E002B55A5 /* PBXTargetDependency */ = {
			isa = PBXTargetDependency;
			target = 74FC21AE18F66A3E002B55A5 /* XHNavigationItemLadingTitleView */;
			targetProxy = 74FC21DE18F66A3E002B55A5 /* PBXContainerItemProxy */;
		};
/* End PBXTargetDependency section */

/* Begin PBXVariantGroup section */
		74FC21BD18F66A3E002B55A5 /* InfoPlist.strings */ = {
			isa = PBXVariantGroup;
			children = (
				74FC21BE18F66A3E002B55A5 /* en */,
			);
			name = InfoPlist.strings;
			sourceTree = "<group>";
		};
		74FC21C618F66A3E002B55A5 /* Main.storyboard */ = {
			isa = PBXVariantGroup;
			children = (
				74FC21C718F66A3E002B55A5 /* Base */,
			);
			name = Main.storyboard;
			sourceTree = "<group>";
		};
		74FC21E318F66A3E002B55A5 /* InfoPlist.strings */ = {
			isa = PBXVariantGroup;
			children = (
				74FC21E418F66A3E002B55A5 /* en */,
			);
			name = InfoPlist.strings;
			sourceTree = "<group>";
		};
/* End PBXVariantGroup section */

/* Begin XCBuildConfiguration section */
		74FC21E818F66A3E002B55A5 /* Debug */ = {
			isa = XCBuildConfiguration;
			buildSettings = {
				ALWAYS_SEARCH_USER_PATHS = NO;
				CLANG_CXX_LANGUAGE_STANDARD = "gnu++0x";
				CLANG_CXX_LIBRARY = "libc++";
				CLANG_ENABLE_MODULES = YES;
				CLANG_ENABLE_OBJC_ARC = YES;
				CLANG_WARN_BOOL_CONVERSION = YES;
				CLANG_WARN_CONSTANT_CONVERSION = YES;
				CLANG_WARN_DIRECT_OBJC_ISA_USAGE = YES_ERROR;
				CLANG_WARN_EMPTY_BODY = YES;
				CLANG_WARN_ENUM_CONVERSION = YES;
				CLANG_WARN_INT_CONVERSION = YES;
				CLANG_WARN_OBJC_ROOT_CLASS = YES_ERROR;
				CLANG_WARN__DUPLICATE_METHOD_MATCH = YES;
				"CODE_SIGN_IDENTITY[sdk=iphoneos*]" = "iPhone Developer";
				COPY_PHASE_STRIP = NO;
				GCC_C_LANGUAGE_STANDARD = gnu99;
				GCC_DYNAMIC_NO_PIC = NO;
				GCC_OPTIMIZATION_LEVEL = 0;
				GCC_PREPROCESSOR_DEFINITIONS = (
					"DEBUG=1",
					"$(inherited)",
				);
				GCC_SYMBOLS_PRIVATE_EXTERN = NO;
				GCC_WARN_64_TO_32_BIT_CONVERSION = YES;
				GCC_WARN_ABOUT_RETURN_TYPE = YES_ERROR;
				GCC_WARN_UNDECLARED_SELECTOR = YES;
				GCC_WARN_UNINITIALIZED_AUTOS = YES_AGGRESSIVE;
				GCC_WARN_UNUSED_FUNCTION = YES;
				GCC_WARN_UNUSED_VARIABLE = YES;
				IPHONEOS_DEPLOYMENT_TARGET = 7.1;
				ONLY_ACTIVE_ARCH = YES;
				SDKROOT = iphoneos;
			};
			name = Debug;
		};
		74FC21E918F66A3E002B55A5 /* Release */ = {
			isa = XCBuildConfiguration;
			buildSettings = {
				ALWAYS_SEARCH_USER_PATHS = NO;
				CLANG_CXX_LANGUAGE_STANDARD = "gnu++0x";
				CLANG_CXX_LIBRARY = "libc++";
				CLANG_ENABLE_MODULES = YES;
				CLANG_ENABLE_OBJC_ARC = YES;
				CLANG_WARN_BOOL_CONVERSION = YES;
				CLANG_WARN_CONSTANT_CONVERSION = YES;
				CLANG_WARN_DIRECT_OBJC_ISA_USAGE = YES_ERROR;
				CLANG_WARN_EMPTY_BODY = YES;
				CLANG_WARN_ENUM_CONVERSION = YES;
				CLANG_WARN_INT_CONVERSION = YES;
				CLANG_WARN_OBJC_ROOT_CLASS = YES_ERROR;
				CLANG_WARN__DUPLICATE_METHOD_MATCH = YES;
				"CODE_SIGN_IDENTITY[sdk=iphoneos*]" = "iPhone Developer";
				COPY_PHASE_STRIP = YES;
				ENABLE_NS_ASSERTIONS = NO;
				GCC_C_LANGUAGE_STANDARD = gnu99;
				GCC_WARN_64_TO_32_BIT_CONVERSION = YES;
				GCC_WARN_ABOUT_RETURN_TYPE = YES_ERROR;
				GCC_WARN_UNDECLARED_SELECTOR = YES;
				GCC_WARN_UNINITIALIZED_AUTOS = YES_AGGRESSIVE;
				GCC_WARN_UNUSED_FUNCTION = YES;
				GCC_WARN_UNUSED_VARIABLE = YES;
				IPHONEOS_DEPLOYMENT_TARGET = 7.1;
				SDKROOT = iphoneos;
				VALIDATE_PRODUCT = YES;
			};
			name = Release;
		};
		74FC21EB18F66A3E002B55A5 /* Debug */ = {
			isa = XCBuildConfiguration;
			buildSettings = {
				ASSETCATALOG_COMPILER_APPICON_NAME = AppIcon;
				ASSETCATALOG_COMPILER_LAUNCHIMAGE_NAME = LaunchImage;
				GCC_PRECOMPILE_PREFIX_HEADER = YES;
				GCC_PREFIX_HEADER = "XHNavigationItemLadingTitleView/XHNavigationItemLadingTitleView-Prefix.pch";
				INFOPLIST_FILE = "XHNavigationItemLadingTitleView/XHNavigationItemLadingTitleView-Info.plist";
				PRODUCT_NAME = "$(TARGET_NAME)";
				WRAPPER_EXTENSION = app;
			};
			name = Debug;
		};
		74FC21EC18F66A3E002B55A5 /* Release */ = {
			isa = XCBuildConfiguration;
			buildSettings = {
				ASSETCATALOG_COMPILER_APPICON_NAME = AppIcon;
				ASSETCATALOG_COMPILER_LAUNCHIMAGE_NAME = LaunchImage;
				GCC_PRECOMPILE_PREFIX_HEADER = YES;
				GCC_PREFIX_HEADER = "XHNavigationItemLadingTitleView/XHNavigationItemLadingTitleView-Prefix.pch";
				INFOPLIST_FILE = "XHNavigationItemLadingTitleView/XHNavigationItemLadingTitleView-Info.plist";
				PRODUCT_NAME = "$(TARGET_NAME)";
				WRAPPER_EXTENSION = app;
			};
			name = Release;
		};
		74FC21EE18F66A3E002B55A5 /* Debug */ = {
			isa = XCBuildConfiguration;
			buildSettings = {
				BUNDLE_LOADER = "$(BUILT_PRODUCTS_DIR)/XHNavigationItemLadingTitleView.app/XHNavigationItemLadingTitleView";
				FRAMEWORK_SEARCH_PATHS = (
					"$(SDKROOT)/Developer/Library/Frameworks",
					"$(inherited)",
					"$(DEVELOPER_FRAMEWORKS_DIR)",
				);
				GCC_PRECOMPILE_PREFIX_HEADER = YES;
				GCC_PREFIX_HEADER = "XHNavigationItemLadingTitleView/XHNavigationItemLadingTitleView-Prefix.pch";
				GCC_PREPROCESSOR_DEFINITIONS = (
					"DEBUG=1",
					"$(inherited)",
				);
				INFOPLIST_FILE = "XHNavigationItemLadingTitleViewTests/XHNavigationItemLadingTitleViewTests-Info.plist";
				PRODUCT_NAME = "$(TARGET_NAME)";
				TEST_HOST = "$(BUNDLE_LOADER)";
				WRAPPER_EXTENSION = xctest;
			};
			name = Debug;
		};
		74FC21EF18F66A3E002B55A5 /* Release */ = {
			isa = XCBuildConfiguration;
			buildSettings = {
				BUNDLE_LOADER = "$(BUILT_PRODUCTS_DIR)/XHNavigationItemLadingTitleView.app/XHNavigationItemLadingTitleView";
				FRAMEWORK_SEARCH_PATHS = (
					"$(SDKROOT)/Developer/Library/Frameworks",
					"$(inherited)",
					"$(DEVELOPER_FRAMEWORKS_DIR)",
				);
				GCC_PRECOMPILE_PREFIX_HEADER = YES;
				GCC_PREFIX_HEADER = "XHNavigationItemLadingTitleView/XHNavigationItemLadingTitleView-Prefix.pch";
				INFOPLIST_FILE = "XHNavigationItemLadingTitleViewTests/XHNavigationItemLadingTitleViewTests-Info.plist";
				PRODUCT_NAME = "$(TARGET_NAME)";
				TEST_HOST = "$(BUNDLE_LOADER)";
				WRAPPER_EXTENSION = xctest;
			};
			name = Release;
		};
/* End XCBuildConfiguration section */

/* Begin XCConfigurationList section */
		74FC21AA18F66A3E002B55A5 /* Build configuration list for PBXProject "XHNavigationItemLadingTitleView" */ = {
			isa = XCConfigurationList;
			buildConfigurations = (
				74FC21E818F66A3E002B55A5 /* Debug */,
				74FC21E918F66A3E002B55A5 /* Release */,
			);
			defaultConfigurationIsVisible = 0;
			defaultConfigurationName = Release;
		};
		74FC21EA18F66A3E002B55A5 /* Build configuration list for PBXNativeTarget "XHNavigationItemLadingTitleView" */ = {
			isa = XCConfigurationList;
			buildConfigurations = (
				74FC21EB18F66A3E002B55A5 /* Debug */,
				74FC21EC18F66A3E002B55A5 /* Release */,
			);
			defaultConfigurationIsVisible = 0;
			defaultConfigurationName = Release;
		};
		74FC21ED18F66A3E002B55A5 /* Build configuration list for PBXNativeTarget "XHNavigationItemLadingTitleViewTests" */ = {
			isa = XCConfigurationList;
			buildConfigurations = (
				74FC21EE18F66A3E002B55A5 /* Debug */,
				74FC21EF18F66A3E002B55A5 /* Release */,
			);
			defaultConfigurationIsVisible = 0;
			defaultConfigurationName = Release;
		};
/* End XCConfigurationList section */

/* Begin XCVersionGroup section */
		74FC21C918F66A3E002B55A5 /* XHNavigationItemLadingTitleView.xcdatamodeld */ = {
			isa = XCVersionGroup;
			children = (
				74FC21CA18F66A3E002B55A5 /* XHNavigationItemLadingTitleView.xcdatamodel */,
			);
			currentVersion = 74FC21CA18F66A3E002B55A5 /* XHNavigationItemLadingTitleView.xcdatamodel */;
			path = XHNavigationItemLadingTitleView.xcdatamodeld;
			sourceTree = "<group>";
			versionGroupType = wrapper.xcdatamodel;
		};
/* End XCVersionGroup section */
	};
	rootObject = 74FC21A718F66A3E002B55A5 /* Project object */;
}
